{
  "name": "60s-crawl",
  "version": "1.0.0",
  "lockfileVersion": 3,
  "requires": true,
  "packages": {
    "": {
      "name": "60s-crawl",
      "version": "1.0.0",
      "dependencies": {
        "@octokit/rest": "^20.0.2",
        "dotenv": "^16.4.5",
        "fast-deep-equal": "^3.1.3", 
        "puppeteer": "^22.12.1"
      },
      "type": "module"
    },
    "node_modules/@babel/code-frame": {
      "version": "7.24.2",
      "resolved": "https://registry.npmjs.org/@babel/code-frame/-/code-frame-7.24.2.tgz",
      "integrity": "sha512-y5+tLQyV8pg3fsiln67BVLD1P13Eg4lh5RW9mF0zUuvLrv9uIQ4MCL+CRT+FTsBlBjcIan6PGsLcBN0m3ClUyQ==",
      "dependencies": {
        "@babel/highlight": "^7.24.2",
        "picocolors": "^1.0.0"
      },
      "engines": {
        "node": ">=6.9.0"
      }
    },
    "node_modules/@babel/helper-validator-identifier": {
      "version": "7.22.20",
      "resolved": "https://registry.npmjs.org/@babel/helper-validator-identifier/-/helper-validator-identifier-7.22.20.tgz",
      "integrity": "sha512-Y4OZ+ytlatR8AI+8KZfKuL5urKp7qey08ha31L8b3BwewJAoJamTzyvxPR/5D+KkdJCGPq/+8TukHBlY10FX9A==",
      "engines": {
        "node": ">=6.9.0"
      }
    },
    "node_modules/@babel/highlight": {
      "version": "7.24.2",
      "resolved": "https://registry.npmjs.org/@babel/highlight/-/highlight-7.24.2.tgz",
      "integrity": "sha512-Yac1ao4flkTxTteCDZLEvdxg2fZfz1v8M4QpaGypq/WPDqg3ijHYbDfs+LG5hvzSoqaSZ9/Z9lKSP3CjZjv+pA==",
      "dependencies": {
        "@babel/helper-validator-identifier": "^7.22.20",
        "chalk": "^2.4.2",
        "js-tokens": "^4.0.0",
        "picocolors": "^1.0.0"
      },
      "engines": {
        "node": ">=6.9.0"
      }
    },
    "node_modules/@octokit/auth-token": {
      "version": "4.0.0",
      "resolved": "https://registry.npmjs.org/@octokit/auth-token/-/auth-token-4.0.0.tgz",
      "integrity": "sha512-tY/msAuJo6ARbK6SPIxZrPBms3xPbfwBrulZe0Wtr/DIY9lje2HeV1uoebShn6mx7SjCHif6EjMvoREj+gZ+SA==",
      "engines": {
        "node": ">= 18"
      }
    },
    "node_modules/@octokit/core": {
      "version": "5.2.0",
      "resolved": "https://registry.npmjs.org/@octokit/core/-/core-5.2.0.tgz",
      "integrity": "sha512-1LFfa/qnMQvEOAdzlQymH0ulepxbxnCYAKJZfMci/5XJyIHWgEYnDmgnKakbTh7CH2tFQ5O60oYDvns4i9RAIg==",
      "dependencies": {
        "@octokit/auth-token": "^4.0.0",
        "@octokit/graphql": "^7.1.0",
        "@octokit/request": "^8.3.1",
        "@octokit/request-error": "^5.1.0",
        "@octokit/types": "^12.6.0",
        "before-after-hook": "^2.2.0",
        "universal-user-agent": "^6.0.0"
      },
      "engines": {
        "node": ">= 18"
      }
    },
    "node_modules/@octokit/endpoint": {
      "version": "9.0.5",
      "resolved": "https://registry.npmjs.org/@octokit/endpoint/-/endpoint-9.0.5.tgz",
      "integrity": "sha512-ekqR4/+PCLkEBF6qgj8WqJfvDq65RH85OAgrtnVp1mSxaXF03u2xW/hUdweGS5654IlC0wkNYC18Z50tSYTAFw==",
      "dependencies": {
        "@octokit/types": "^12.6.0",
        "universal-user-agent": "^6.0.0"
      },
      "engines": {
        "node": ">= 18"
      }
    },
    "node_modules/@octokit/graphql": {
      "version": "7.1.0",
      "resolved": "https://registry.npmjs.org/@octokit/graphql/-/graphql-7.1.0.tgz",
      "integrity": "sha512-r+oZUH7aMFui1ypZnAvZmn0KSqAUgE1/tUXIWaqUCa1758ts/Jio84GZuzsvUkme98kv0WFY8//n0J1Z+vsIsQ==",
      "dependencies": {
        "@octokit/request": "^8.3.0",
        "@octokit/types": "^12.6.0",
        "universal-user-agent": "^6.0.0"
      },
      "engines": {
        "node": ">= 18"
      }
    },
    "node_modules/@octokit/openapi-types": {
      "version": "20.0.0",
      "resolved": "https://registry.npmjs.org/@octokit/openapi-types/-/openapi-types-20.0.0.tgz",
      "integrity": "sha512-EtqRBEjp1dL/15V7WiX5LJMIxxkdiGJnabzYx5Apx4FkQIFgAfKumXeYAqqJCj1s+BMX4cPFIFC4OLCR6stlnA=="
    },
    "node_modules/@octokit/request": {
      "version": "8.4.0",
      "resolved": "https://registry.npmjs.org/@octokit/request/-/request-8.4.0.tgz",
      "integrity": "sha512-9Bb014e+m2TgBeEJGEbdplMVWwPmL1FPtggHQRkV+WVsMggPtEkLKPlcVYm/o8xKLkpJ7B+6N8WfQMtDLX2Dpw==",
      "dependencies": {
        "@octokit/endpoint": "^9.0.1",
        "@octokit/request-error": "^5.1.0",
        "@octokit/types": "^12.6.0",
        "universal-user-agent": "^6.0.0"
      },
      "engines": {
        "node": ">= 18"
      }
    },
    "node_modules/@octokit/request-error": {
      "version": "5.1.0",
      "resolved": "https://registry.npmjs.org/@octokit/request-error/-/request-error-5.1.0.tgz",
      "integrity": "sha512-GETXfE05J0+7H2STzekpKObFe765O5dlAKUTLNGeH+x47z7JjXHfsHKo5z21D/o/IOZTUEI6nyWyR+bZVP/n5Q==",
      "dependencies": {
        "@octokit/types": "^12.6.0",
        "deprecation": "^2.3.1",
        "once": "^1.4.0"
      },
      "engines": {
        "node": ">= 18"
      }
    },
    "node_modules/@octokit/rest": {
      "version": "20.1.1",
      "resolved": "https://registry.npmjs.org/@octokit/rest/-/rest-20.1.1.tgz",
      "integrity": "sha512-MB4AYDsM5jhIHro/dq4ix1iWTLGToIGk6cWF5L6vanFaMble5jTX/UBQyiv05HsWnwUtY8JrfHy2LWfKwihqMw==",
      "dependencies": {
        "@octokit/core": "^5.0.1",
        "@octokit/openapi-types": "^20.0.0",
        "@octokit/types": "^12.6.0"
      },
      "engines": {
        "node": ">= 18"
      }
    },
    "node_modules/@octokit/types": {
      "version": "12.6.0",
      "resolved": "https://registry.npmjs.org/@octokit/types/-/types-12.6.0.tgz",
      "integrity": "sha512-1rhSOfRa6H9w4YwK0yrf5faDaDTb+yLyBUKOCV4xtCDB5VmIPqd/v9yr9o6SAzOAlRxMiRiCic6JVM1/kunVkw==",
      "dependencies": {
        "@octokit/openapi-types": "^20.0.0"
      }
    },
    "node_modules/@puppeteer/browsers": {
      "version": "1.9.1",
      "resolved": "https://registry.npmjs.org/@puppeteer/browsers/-/browsers-1.9.1.tgz",
      "integrity": "sha512-PuvK6xZzGhKPvlx3fpfdM2kYY3P/hB1URtK8wA7XUJ6prn6pp22zvJHu48th0SGcHL9SutbPHrFuQgfXTFObAw==",
      "dependencies": {
        "debug": "^4.3.4",
        "extract-zip": "^2.0.1",
        "progress": "^2.0.3",
        "proxy-agent": "^6.3.1",
        "tar-fs": "^3.0.4",
        "unbzip2-stream": "^1.4.3",
        "yargs": "^17.7.2"
      },
      "bin": {
        "browsers": "lib/cjs/main-cli.js"
      },
      "engines": {
        "node": ">=16.3.0"
      }
    },
    "node_modules/@tootallnate/quickjs-emscripten": {
      "version": "0.23.0",
      "resolved": "https://registry.npmjs.org/@tootallnate/quickjs-emscripten/-/quickjs-emscripten-0.23.0.tgz",
      "integrity": "sha512-C5Mc6rdnsaJDjO3UpGW/CQTHtCKaYlScZTly4JIu97Jxo/odCiH0ITnDXSJPTOrEKk/ycSZ0AOgTmkDtkOsvIA=="
    },
    "node_modules/@types/node": {
      "version": "20.12.7",
      "resolved": "https://registry.npmjs.org/@types/node/-/node-20.12.7.tgz",
      "integrity": "sha512-wq0cICSkRLVaf3UGLMGItu/PtdY7oaXaI/RVU+xliKVOtRna3PRY57ZDfztpDL0n11vfymMUnXv8QwYCO7L1wg==",
      "optional": true,
      "dependencies": {
        "undici-types": "~5.26.4"
      }
    },
    "node_modules/@types/yauzl": {
      "version": "2.10.3",
      "resolved": "https://registry.npmjs.org/@types/yauzl/-/yauzl-2.10.3.tgz",
      "integrity": "sha512-oJoftv0LSuaDZE3Le4DbKX+KS9G36NzOeSap90UIK0yMA/NhKJhqlSGtNDORNRaIbQfzjXDrQa0ytJ6mNRGz/Q==",
      "optional": true,
      "dependencies": {
        "@types/node": "*"
      }
    },
    "node_modules/agent-base": {
      "version": "7.1.1",
      "resolved": "https://registry.npmjs.org/agent-base/-/agent-base-7.1.1.tgz",
      "integrity": "sha512-H0TSyFNDMomMNJQBn8wFV5YC/2eJ+VXECwOadZJT554xP6cODZHPX3H9QMQECxvrgiSOP1pHjy1sMWQVYJOUOA==",
      "dependencies": {
        "debug": "^4.3.4"
      },
      "engines": {
        "node": ">= 14"
      }
    },
    "node_modules/ansi-regex": {
      "version": "5.0.1",
      "resolved": "https://registry.npmjs.org/ansi-regex/-/ansi-regex-5.0.1.tgz",
      "integrity": "sha512-quJQXlTSUGL2LH9SUXo8VwsY4soanhgo6LNSm84E1LBcE8s3O0wpdiRzyR9z/ZZJMlMWv37qOOb9pdJlMUEKFQ==",
      "engines": {
        "node": ">=8"
      }
    },
    "node_modules/ansi-styles": {
      "version": "3.2.1",
      "resolved": "https://registry.npmjs.org/ansi-styles/-/ansi-styles-3.2.1.tgz",
      "integrity": "sha512-VT0ZI6kZRdTh8YyJw3SMbYm/u+NqfsAxEpWO0Pf9sq8/e94WxxOpPKx9FR1FlyCtOVDNOQ+8ntlqFxiRc+r5qA==",
      "dependencies": {
        "color-convert": "^1.9.0"
      },
      "engines": {
        "node": ">=4"
      }
    },
    "node_modules/argparse": {
      "version": "2.0.1",
      "resolved": "https://registry.npmjs.org/argparse/-/argparse-2.0.1.tgz",
      "integrity": "sha512-8+9WqebbFzpX9OR+Wa6O29asIogeRMzcGtAINdpMHHyAg10f05aSFVBbcEqGf/PXw1EjAZ+q2/bEBg3DvurK3Q=="
    },
    "node_modules/ast-types": {
      "version": "0.13.4",
      "resolved": "https://registry.npmjs.org/ast-types/-/ast-types-0.13.4.tgz",
      "integrity": "sha512-x1FCFnFifvYDDzTaLII71vG5uvDwgtmDTEVWAxrgeiR8VjMONcCXJx7E+USjDtHlwFmt9MysbqgF9b9Vjr6w+w==",
      "dependencies": {
        "tslib": "^2.0.1"
      },
      "engines": {
        "node": ">=4"
      }
    },
    "node_modules/b4a": {
      "version": "1.6.6",
      "resolved": "https://registry.npmjs.org/b4a/-/b4a-1.6.6.tgz",
      "integrity": "sha512-5Tk1HLk6b6ctmjIkAcU/Ujv/1WqiDl0F0JdRCR80VsOcUlHcu7pWeWRlOqQLHfDEsVx9YH/aif5AG4ehoCtTmg=="
    },
    "node_modules/bare-events": {
      "version": "2.2.2",
      "resolved": "https://registry.npmjs.org/bare-events/-/bare-events-2.2.2.tgz",
      "integrity": "sha512-h7z00dWdG0PYOQEvChhOSWvOfkIKsdZGkWr083FgN/HyoQuebSew/cgirYqh9SCuy/hRvxc5Vy6Fw8xAmYHLkQ==",
      "optional": true
    },
    "node_modules/bare-fs": {
      "version": "2.3.1",
      "resolved": "https://registry.npmjs.org/bare-fs/-/bare-fs-2.3.1.tgz",
      "integrity": "sha512-W/Hfxc/6VehXlsgFtbB5B4xFcsCl+pAh30cYhoFyXErf6oGrwjh8SwiPAdHgpmWonKuYpZgGywN0SXt7dgsADA==",
      "optional": true,
      "dependencies": {
        "bare-events": "^2.0.0",
        "bare-path": "^2.0.0",
        "bare-stream": "^2.0.0"
      }
    },
    "node_modules/bare-os": {
      "version": "2.2.1",
      "resolved": "https://registry.npmjs.org/bare-os/-/bare-os-2.2.1.tgz",
      "integrity": "sha512-OwPyHgBBMkhC29Hl3O4/YfxW9n7mdTr2+SsO29XBWKKJsbgj3mnorDB80r5TiCQgQstgE5ga1qNYrpes6NvX2w==",
      "optional": true
    },
    "node_modules/bare-path": {
      "version": "2.1.0",
      "resolved": "https://registry.npmjs.org/bare-path/-/bare-path-2.1.0.tgz",
      "integrity": "sha512-DIIg7ts8bdRKwJRJrUMy/PICEaQZaPGZ26lsSx9MJSwIhSrcdHn7/C8W+XmnG/rKi6BaRcz+JO00CjZteybDtw==",
      "optional": true,
      "dependencies": {
        "bare-os": "^2.1.0"
      }
    },
    "node_modules/bare-stream": {
      "version": "2.1.0",
      "resolved": "https://registry.npmjs.org/bare-stream/-/bare-stream-2.1.0.tgz",
      "integrity": "sha512-+BNfZ+deCo8hMNpDqDnvT+c0XpJ5cUa6mqYq89bho2Ifze4URTqRkcwR399hWoMKrCNQy9h8sOMkQCzinqH7uA==",
      "optional": true,
      "dependencies": {
        "streamx": "^2.13.0"
      }
    },
    "node_modules/before-after-hook": {
      "version": "2.2.3",
      "resolved": "https://registry.npmjs.org/before-after-hook/-/before-after-hook-2.2.3.tgz",
      "integrity": "sha512-NzUnlZexiaH/46WDhANlyR2bXRopNg4F/zuSA3OpZnllCUgRaOF2znDioDWrmbNVsuZk6l9pMquQB38cfBZwkQ=="
    },
    "node_modules/buffer-crc32": {
      "version": "0.2.13",
      "resolved": "https://registry.npmjs.org/buffer-crc32/-/buffer-crc32-0.2.13.tgz",
      "integrity": "sha512-VO9Ht/+p3SN7SKWqcrgEzjGbRSJYTx+Q1pTQC0wrWqHx0vpJraQ6GtHx8tvcg1rlK1byhU5gccxgOgj7B0TDkQ==",
      "engines": {
        "node": "*"
      }
    },
    "node_modules/callsites": {
      "version": "3.1.0",
      "resolved": "https://registry.npmjs.org/callsites/-/callsites-3.1.0.tgz",
      "integrity": "sha512-P8BjAsXvZS+VIDUI11hHCQEv74YT67YUi5JJFNWIqL235sBmjX4+qx9Muvls5ivyNENctx46xQLQ3aTuE7ssaQ==",
      "engines": {
        "node": ">=6"
      }
    },
    "node_modules/chalk": {
      "version": "2.4.2",
      "resolved": "https://registry.npmjs.org/chalk/-/chalk-2.4.2.tgz",
      "integrity": "sha512-Mti+f9lpJNcwF4tWV8/OrTTtF1gZi+f8FqlyAdouralcFWFQWF2+NgCHShjkCb+IFBLq9buZwE1xckQU4peSuQ==",
      "dependencies": {
        "ansi-styles": "^3.2.1",
        "escape-string-regexp": "^1.0.5",
        "supports-color": "^5.3.0"
      },
      "engines": {
        "node": ">=4"
      }
    },
    "node_modules/chromium-bidi": {
      "version": "0.5.16",
      "resolved": "https://registry.npmjs.org/chromium-bidi/-/chromium-bidi-0.5.16.tgz",
      "integrity": "sha512-7D0bchGCdOy0nrvjO9hE7PvYH7z09h6Yb8h8Qp2w2J6xLh8z0Z6Q7G8Z6X6X7X6X7X6X7X6X7X6X7X6X7X6X7X6X7X6X7X6X7X6X7X6X7X6X7X6X7X6X7X6X7X6X7X6X7X6X7X6X7X6X7X6X7X6X7X6X7X6X7X6X7X6X7X6X7X6X7X6X7X6X7X6X7X6X7X6X7X6X7X6X7X6X7X6X7X6X7X6X7X6X7X6X7X6X7X6X7X6X7X6X7X6X7X6X7X6X7X6X7X6X7X6X7X6X7X6X7X6X7X6X7X6X7X6X7X6X7X6X7X6X7X6X7X6X7X6X7X6X7X6X7X6X7X6X7X6X7X6X7X6X7X6X7X6X7X6X7X6X7X6X7X6X7X6X7X6X7X6X7X6X7X6X7X6X7X6X7X6X7X6X7X6X7X6X7X6X7X6X7X6X7X6X7X6X7X6X7X6X7X6X7X6X7X6X7X6X7X6X7X6X7X6X7X6X7X6X7X6X7X6X7X6X7X6X7X6X7X6X7X6X7X6X7X6X7X6X7X6X7X6X7X6X7X6X7X6X7X6X7X6X7X6X7X6X7X6X7X6X7X6X7X6X7X6X7X6X7X6X7X6X7X6X7X6X7X6X7X6X7X6X7X6X7X6X7X6X7X6X7X6X7X6X7X6X7X6X7X6X7X6X7X6X7X6X7X6X7X6X7X6X7X6X7X6X7X6X7X6X7X6X7X6X7X6X7X6X7X6X7X6X7X6X7X6X7X6X7X6X7X6X7X6X7X6X7X6X7X6X7X6X7X6X7X6X7X6X7X6X7X6X7X6X7X6X7X6X7X6X7X6X7X6X7X6X7X6X7X6X7X6X7X6X7X6X7X6X7X6X7X6X7X6X7X6X7X6X7X6X7X6X7X6X7X6X7X6X7X6X7X6X7X6X7X6X7X6X7X6X7X6X7X6X7X6X7X6X7X6X7X6X7X6X7X6X7X6X7X6X7X6X7X6X7X6X7X6X7X6X7X6X7X6X7X6X7X6X7X6X7X6X7X6X7X6X7X6X7X6X7X6X7X6X7X6X7X6X7X6X7X6X7X6X7X6X7X6X7X6X7X6X7X6X7X6X7X6X7X6X7X6X7X6X7X6X7X6X7X6X7X6X7X6X7X6X7X6X7X6X7X6X7X6X7X6X7X6X7X6X7X6X7X6X7X6X7X6X7X6X7X6X7X6X7X6X7X6X7X6X7X6X7X6X7X6X7X6X7X6X7X6X7X6X7X6X7X6X7X6X7X6X7X6X7X6X7X6X7X6X7X6X7X6X7X6X7X6X7X6X7X6X7X6X7X6X7X6X7X6X7X6X7X6X7X6X7X6X7X6X7X6X7X6X7X6X7X6X7X6X7X6X7X6X7X6X7X6X7X6X7X6X7X6X7X6X7X6X7X6X7X6X7X6X7X6X7X6X7X6X7X6X7X6X7X6X7X6X7X6X7X6X7X6X7X6X7X6X7X6X7X6X7X6X7X6X7X6X7X6X7X6X7X6X7X6X7X6X7X6X7X6X7X6X7X6X7X6X7X6X7X6X7X6X7X6X7X6X7X6X7X6X7X6X7X6X7X6X7X6X7X6X7X6X7X6X7X6X7X6X7X6X7X6X7X6X7X6X7X6X7X6X7X6X7X6X7X6X7X6X7X6X7X6X7X6X7X6X7X6X7X6X7X6X7X6X7X6X7X6X7X6X7X6X7X6X7X6X7X6X7X6X7X6X7X6X7X6X7X6X7X6X7X6X7X6X7X6X7X6X7X6X7X6X7X6X7X6X7X6X7X6X7X6X7X6X7X6X7X6X7X6X7X6X7X6X7X6X7X6X7X6X7X6X7X6X7X6X7X6X7X6X7X6X7X6X7X6X7X6X7X6X7X6X7X6X7X6X7X6X7X6X7X6X7X6X7X6X7X6X7X6X7X6X7X6X7X6X7X6X7X6X7X6X7X6X7X6X7X6X7X6X7X6X7X6X7X6X7X6X7X6X7X6X7X6X7X6X7X6X7X6X7X6X7X6X7X6X7X6X7X6X7X6X7X6X7X6X7X6X7X6X7X6X7X6X7X6X7X6X7X6X7X6X7X6X7X6X7X6X7X6X7X6X7X6X7X6X7X6X7X6X7X6X7X6X7X6X7X6X7X6X7X6X7X6X7X6X7X6X7X6X7X6X7X6X7X6X7X6X7X6X7X6X7X6X7X6X7X6X7X6X7X6X7X6X7X6X7X6X7X6X7X6X7X6X7X6X7X6X7X6X7X6X7X6X7X6X7X6X7X6X7X6X7X6X7X6X7X6X7X6X7X6X7X6X7X6X7X6X7X6X7X6X7X6X7X6X7X6X7X6X7X6X7X6X7X6X7X6X7X6X7X6X7X6X7X6X7X6X7X6X7X6X7X6X7X6X7X6X7X6X7X6X7X6X7X6X7X6X7X6X7X6X7X6X7X6X7X6X7X6X7X6X7X6X7X6X7X6X7X6X7X6X7X6X7X6X7X6X7X6X7X6X7X6X7X6X7X6X7X6X7X6X7X6X7X6X7X6X7X6X7X6X7X6X7X6X7X6X7X6X7X6X7X6X7X6X7X6X7X6X7X6X7X6X7X6X7X6X7X6X7X6X7X6X7X6X7X6X7X6X7X6X7X6X7X6X7X6X7X6X7X6X7X6X7X6X7X6X7X6X7X6X7X6X7X6X7X6X7X6X7X6X7X6X7X6X7X6X7X6X7X6X7X6X7X6X7X6X7X6X7X6X7X6X7X6X7X6X7X6X7X6X7X6X7X6X7X6X7X6X7X6X7X6X7X6X7X6X7X6X7X6X7X6X7X6X7X6X7X6X7X6X7X6X7X6X7X6X7X6X7X6X7X6X7X6X7X6X7X6X7X6X7X6X7X6X7X6X7X6X7X6X7X6X7X6X7X6X7X6X7X6X7X6X7X6X7X6X7X6X7X6X7X6X7X6X7X6X7X6X7X6X7X6X7X6X7X6X7X6X7X6X7X6X7X6X7X6X7X6X7X6X7X6X7X6X7X6X7X6X7X6X7X6X7X6X7X6X7X6X7X6X7X6X7X6X7X6X7X6X7X6X7X6X7X6X7X6X7X6X7X6X7X6X7X6X7X6X7X6X7X6X7X6X7X6X7X6X7X6X7X6X7X6X7X6X7X6X7X6X7X6X7X6X7X6X7X6X7X6X7X6X7X6X7X6X7X6X7X6X7X6X7X6X7X6X7X6X7X6X7X6X7X6X7X6X7X6X7X6X7X6X7X6X7X6X7X6X7X6X7X6X7X6X7X6X7X6X7X6X7X6X7X6X7X6X7X6X7X6X7X6X7X6X7X6X7X6X7X6X7X6X7X6X7X6X7X6X7X6X7X6X7X6X7X6X7X6X7X6X7X6X7X6X7X6X7X6X7X6X7X6X7X6X7X6X7X6X7X6X7X6X7X6X7X6X7X6X7X6X7X6X7X6X7X6X7X6X7X6X7X6X7X6X7X6X7X6X7X6X7X6X7X6X7X6X7X6X7X6X7X6X7X6X7X6X7X6X7X6X7X6X7X6X7X6X7X6X7X6X7X6X7X6X7X6X7X6X7X6X7X6X7X6X7X6X7X6X7X6X7X6X7X6X7X6X7X6X7X6X7X6X7X6X7X6X7X6X7X6X7X6X7X6X7X6X7X6X7X6X7X6X7X6X7X6X7X6X7X6X7X6X7X6X7X6X7X6X7X6X7X6X7X6X7X6X7X6X7X6X7X6X7X6X7X6X7X6X7X6X7X6X7X6X7X6X7X6X7X6X7X6X7X6X7X6X7X6X7X6X7X6X7X6X7X6X7X6X7X6X7X6X7X6X7X6X7X6X7X6X7X6X7X6X7X6X7X6X7X6X7X6X7X6X7X6X7X6X7X6X7X6X7X6X7X6X7X6X7X6X7X6X7X6X7X6X7X6X7X6X7X6X7X6X7X6X7X6X7X6X7X6X7X6X7X6X7X6X7X6X7X6X7X6X7X6X7X6X7X6X7X6X7X6X7X6X7X6X7X6X7X6X7X6X7X6X7X6X7X6X7X6X7X6X7X6X7X6X7X6X7X6X7X6X7X6X7X6X7X6X7X6X7X6X7X6X7X6X7X6X7X6X7X6X7X6X7X6X7X6X7X6X7X6X7X6X7X6X7X6X7X6X7X6X7X6X7X6X7X6X7X6X7X6X7X6X7X6X7X6X7X6X7X6X7X6X7X6X7X6X7X6X7X6X7X6X7X6X7X6X7X6X7X6X7X6X7X6X7X6X7X6X7X6X7X6X7X6X7X6X7X6X7X6X7X6X7X6X7X6X7X6X7X6X7X6X7X6X7X6X7X6X7X6X7X6X7X6X7X6X7X6X7X6X7X6X7X6X7X6X7X6X7X6X7X6X7X6X7X6X7X6X7X6X7X6X7X6X7X6X7X6X7X6X7X6X7X6X7X6X7X6X7X6X7X6X7X6X7X6X7X6X7X6X7X6X7X6X7X6X7X6X7X6X7X6X7X6X7X6X7X6X7X6X7X6X7X6X7X6X7X6X7X6X7X6X7X6X7X6X7X6X7X6X7X6X7X6X7X6X7X6X7X6X7X6X7X6X7X6X7X6X7X6X7X6X7X6X7X6X7X6X7X6X7X6X7X6X7X6X7X6X7X6X7X6X7X6X7X6X7X6X7X6X7X6X7X6X7X6X7X6X7X6X7X6X7X6X7X6X7X6X7X6X7X6X7X6X7X6X7X6X7X6X7X6X7X6X7X6X7X6X7X6X7X6X7X6X7X6X7X6X7X6X7X6X7X6X7X6X7X6X7X6X7X6X7X6X7X6X7X6X7X6X7X6X7X6X7X6X7X6X7X6X7X6X7X6X7X6X7X6X7X6X7X6X7X6X7X6X7X6X7X6X7X6X7X6X7X6X7X6X7X6X7X6X7X6X7X6X7X6X7X6X7X6X7X6X7X6X7X6X7X6X7X6X7X6X7X6X7X6X7X6X7X6X7X6X7X6X7X6X7X6X7X6X7X6X7X6X7X6X7X6X7X6X7X6X7X6X7X6X7X6X7X6X7X6X7X6X7X6X7X6X7X6X7X6X7X6X7X6X7X6X7X6X7X6X7X6X7X6X7X6X7X6X7X6X7X6X7X6X7X6X7X6X7X6X7X6X7X6X7X6X7X6X7X6X7X6X7X6X7X6X7X6X7X6X7X6X7X6X7X6X7X6X7X6X7X6X7X6X7X6X7X6X7X6X7X6X7X6X7X6X7X6X7X6X7X6X7X6X7X6X7X6X7X6X7X6X7X6X7X6X7X6X7X6X7X6X7X6X7X6X7X6X7X6X7X6X7X6X7X6X7X6X7X6X7X6X7X6X7X6X7X6X7X6X7X6X7X6X7X6X7X6X7X6X7X6X7X6X7X6X7X6X7X6X7X6X7X6X7X6X7X6X7X6X7X6X7X6X7X6X7X6X7X6X7X6X7X6X7X6X7X6X7X6X7X6X7X6X7X6X7X6X7X6X7X6X7X6X7X6X7X6X7X6X7X6X7X6X7X6X7X6X7X6X7X6X7X6X7X6X7X6X7X6X7X6X7X6X7X6X7X6X7X6X7X6X7X6X7X6X7X6X7X6X7X6X7X6X7X6X7X6X7X6X7X6X7X6X7X6X7X6X7X6X7X6X7X6X7X6X7X6X7X6X7X6X7X6X7X6X7X6X7X6X7X6X7X6X7X6X7X6X7X6X7X6X7X6X7X6X7X6X7X6X7X6X7X6X7X6X7X6X7X6X7X6X7X6X7X6X7X6X7X6X7X6X7X6X7X6X7X6X7X6X7X6X7X6X7X6X7X6X7X6X7X6X7X6X7X6X7X6X7X6X7X6X7X6X7X6X7X6X7X6X7X6X7X6X7X6X7X6X7X6X7X6X7X6X7X6X7X6X7X6X7X6X7X6X7X6X7X6X7X6X7X6X7X6X7X6X7X6X7X6X7X6X7X6X7X6X7X6X7X6X7X6X7X6X7X6X7X6X7X6X7X6X7X6X7X6X7X6X7X6X7X6X7X6X7X6X7X6X7X6X7X6X7X6X7X6X7X6X7X6X7X6X7X6X7X6X7X6X7X6X7X6X7X6X7X6X7X6X7X6X7X6X7X6X7X6X7X6X7X6X7X6X7X6X7X6X7X6X7X6X7X6X7X6X7X6X7X6X7X6X7X6X7X6X7X6X7X6X7X6X7X6X7X6X7X6X7X6X7X6X7X6X7X6X7X6X7X6X7X6X7X6X7X6X7X6X7X6X7X6X7X6X7X6X7X6X7X6X7X6X7X6X7X6X7X6X7X6X7X6X7X6X7X6X7X6X7X6X7X6X7X6X7X6X7X6X7X6X7X6X7X6X7X6X7X6X7X6X7X6X7X6X7X6X7X6X7X6X7X6X7X6X7X6X7X6X7X6X7X6X7X6X7X6X7X6X7X6X7X6X7X6X7X6X7X6X7X6X7X6X7X6X7X6X7X6X7X6X7X6X7X6X7X6X7X6X7X6X7X6X7X6X7X6X7X6X7X6X7X6X7X6X7X6X7X6X7X6X7X6X7X6X7X6X7X6X7X6X7X6X7X6X7X6X7X6X7X6X7X6X7X6X7X6X7X6X7X6X7X6X7X6X7X6X7X6X7X6X7X6X7X6X7X6X7X6X7X6X7X6X7X6X7X6X7X6X7X6X7X6X7X6X7X6X7X6X7X6X7X6X7X6X7X6X7X6X7X6X7X6X7X6X7X6X7X6X7X6X7X6X7X6X7X6X7X6X7X6X7X6X7X6X7X6X7X6X7X6X7X6X7X6X7X6X7X6X7X6X7X6X7X6X7X6X7X6X7X6X7X6X7X6X7X6X7X6X7X6X7X6X7X6X7X6X7X6X7X6X7X6X7X6X7X6X7X6X7X6X7X6X7X6X7X6X7X6X7X6X7X6X7X6X7X6X7X6X7X6X7X6X7X6X7X6X7X6X7X6X7X6X7X6X7X6X7X6X7X6X7X6X7X6X7X6X7X6X7X6X7X6X7X6X7X6X7X6X7X6X7X6X7X6X7X6X7X6X7X6X7X6X7X6X7X6X7X6X7X6X7X6X7X6X7X6X7X6X7X6X7X6X7X6X7X6X7X6X7X6X7X6X7X6X7X6X7X6X7X6X7X6X7X6X7X6X7X6X7X6X7X6X7X6X7X6X7X6X7X6X7X6X7X6X7X6X7X6X7X6X7X6X7X6X7X6X7X6X7X6X7X6X7X6X7X6X7X6X7X6X7X6X7X6X7X6X7X6X7X6X7X6X7X6X7X6X7X6X7X6X7X6X7X6X7X6X7X6X7X6X7X6X7X6X7X6X7X6X7X6X7X6X7X6X7X6X7X6X7X6X7X6X7X6X7X6X7X6X7X6X7X6X7X6X7X6X7X6X7X6X7X6X7X6X7X6X7X6X7X6X7X6X7X6X7X6X7X6X7X6X7X6X7X6X7X6X7X6X7X6X7X6X7X6X7X6X7X6X7X6X7X6X7X6X7X6X7X6X7X6X7X6X7X6X7X6X7X6X7X6X7X6X7X6X7X6X7X6X7X6X7X6X7X6X7X6X7X6X7X6X7X6X7X6X7X6X7X6X7X6X7X6X7X6X7X6X7X6X7X6X7X6X7X6X7X6X7X6X7X6X7X6X7X6X7X6X7X6X7X6X7X6X7X6X7X6X7X6X7X6X7X6X7X6X7X6X7X6X7X6X7X6X7X6X7X6X7X6X7X6X7X6X7X6X7X6X7X6X7X6X7X6X7X6X7X6X7X6X7X6X7X6X7X6X7X6X7X6X7X6X7X6X7X6X7X6X7X6X7X6X7X6X7X6X7X6X7X6X7X6X7X6X7X6X7X6X7X6X7X6X7X6X7X6X7X6X7X6X7X6X7X6X7X6X7X6X7X6X7X6X7X6X7X6X7X6X7X6X7X6X7X6X7X6X7X6X7X6X7X6X7X6X7X6X7X6X7X6X7X6X7X6X7X6X7X6X7X6X7X6X7X6X7X6X7X6X7X6X7X6X7X6X7X6X7X6X7X6X7X6X7X6X7X6X7X6X7X6X7X6X7X6X7X6X7X6X7X6X7X6X7X6X7X6X7X6X7X6X7X6X7X6X7X6X7X6X7X6X7X6X7X6X7X6X7X6X7X6X7X6X7X6X7X6X7X6X7X6X7X6X7X6X7X6X7X6X7X6X7X6X7X6X7X6X7X6X7X6X7X6X7X6X7X6X7X6X7X6X7X6X7X6X7X6X7X6X7X6X7X6X7X6X7X6X7X6X7X6X7X6X7X6X7X6X7X6X7X6X7X6X7X6X7X6X7X6X7X6X7X6X7X6X7X6X7X6X7X6X7X6X7X6X7X6X7X6X7X6X7X6X7X6X7X6X7X6X7X6X7X6X7X6X7X6X7X6X7X6X7X6X7X6X7X6X7X6X7X6X7X6X7X6X7X6X7X6X7X6X7X6X7X6X7X6X7X6X7X6X7X6X7X6X7X6X7X6X7X6X7X6X7X6X7X6X7X6X7X6X7X6X7X6X7X6X7X6X7X6X7X6X7X6X7X6X7X6X7X6X7X6X7X6X7X6X7X6X7X6X7X6X7X6X7X6X7X6X7X6X7X6X7X6X7X6X7X6X7X6X7X6X7X6X7X6X7X6X7X6X7X6X7X6X7X6X7X6X7X6X7X6X7X6X7X6X7X6X7X6X7X6X7X6X7X6X7X6X7X6X7X6X7X6X7X6X7X6X7X6X7X6X7X6X7X6X7X6X7X6X7X6X7X6X7X6X7X6X7X6X7X6X7X6X7X6X7X6X7X6X7X6X7X6X7X6X7X6X7X6X7X6X7X6X7X6X7X6X7X6X7X6X7X6X7X6X7X6X7X6X7X6X7X6X7X6X7X6X7X6X7X6X7X6X7X6X7X6X7X6X7X6X7X6X7X6X7X6X7X6X7X6X7X6X7X6X7X6X7X6X7X6X7X6X7X6X7X6X7X6X7X6X7X6X7X6X7X6X7X6X7X6X7X6X7X6X7X6X7X6X7X6X7X6X7X6X7X6X7X6X7X6X7X6X7X6X7X6X7X6X7X6X7X6X7X6X7X6X7X6X7X6X7X6X7X6X7X6X7X6X7X6X7X6X7X6X7X6X7X6X7X6X7X6X7X6X7X6X7X6X7X6X7X6X7X6X7X6X7X6X7X6X7X6X7X6X7X6X7X6X7X6X7X6X7X6X7X6X7X6X7X6X7X6X7X6X7X6X7X6X7X6X7X6X7X6X7X6X7X6X7X6X7X6X7X6X7X6X7X6X7X6X7X6X7X6X7X6X7X6X7X6X7X6X7X6X7X6X7X6X7X6X7X6X7X6X7X6X7X6X7X6X7X6X7X6X7X6X7X6X7X6X7X6X7X6X7X6X7X6X7X6X7X6X7X6X7X6X7X6X7X6X7X6X7X6X7X6X7X6X7X6X7X6X7X6X7X6X7X6X7X6X7X6X7X6X7X6X7X6X7X6X7X6X7X6X7X6X7X6X7X6X7X6X7X6X7X6X7X6X7X6X7X6X7X6X7X6X7X6X7X6X7X6X7X6X7X6X7X6X7X6X7X6X7X6X7X6X7X6X7X6X7X6X7X6X7X6X7X6X7X6X7X6X7X6X7X6X7X6X7X6X7X6X7X6X7X6X7X6X7X6X7X6X7X6X7X6X7X6X7X6X7X6X7X6X7X6X7X6X7X6X7X6X7X6X7X6X7X6X7X6X7X6X7X6X7X6X7X6X7X6X7X6X7X6X7X6X7X6X7X6X7X6X7X6X7X6X7X6X7X6X7X6X7X6X7X6X7X6X7X6X7X6X7X6X7X6X7X6X7X6X7X6X7X6X7X6X7X6X7X6X7X6X7X6X7X6X7X6X7X6X7X6X7X6X7X6X7X6X7X6X7X6X7X6X7X6X7X6X7X6X7X6X7X6X7X6X7X6X7X6X7X6X7X6X7X6X7X6X7X6X7X6X7X6X7X6X7X6X7X6X7X6X7X6X7X6X7X6X7X6X7X6X7X6X7X6X7X6X7X6X7X6X7X6X7X6X7X6X7X6X7X6X7X6X7X6X7X6X7X6X7X6X7X6X7X6X7X6X7X6X7X6X7X6X7X6X7X6X7X6X7X6X7X6X7X6X7X6X7X6X7X6X7X6X7X6X7X6X7X6X7X6X7X6X7X6X7X6X7X6X7X6X7X6X7X6X7X6X7X6X7X6X7X6X7X6X7X6X7X6X7X6X7X6X7X6X7X6X7X6X7X6X7X6X7X6X7X6X7X6X7X6X7X6X7X6X7X6X7X6X7X6X7X6X7X6X7X6X7X6X7X6X7X6X7X6X7X6X7X6X7X6X7X6X7X6X7X6X7X6X7X6X7X6X7X6X7X6X7X6X7X6X7X6X7X6X7X6X7X6X7X6X7X6X7X6X7X6X7X6X7X6X7X6X7X6X7X6X7X6X7X6X7X6X7X6X7X6X7X6X7X6X7X6X7X6X7X6X7X6X7X6X7X6X7X6X7X6X7X6X7X6X7X6X7X6X7X6X7X6X7X6X7X6X7X6X7X6X7X6X7X6X7X6X7X6X7X6X7X6X7X6X7X6X7X6X7X6X7X6X7X6X7X6X7X6X7X6X7X6X7X6X7X6X7X6X7X6X7X6X7X6X7X6X7X6X7X6X7X6X7X6X7X6X7X6X7X6X7X6X7X6X7X6X7X6X7X6X7X6X7X6X7X6X7X6X7X6X7X6X7X6X7X6X7X6X7X6X7X6X7X6X7X6X7X6X7X6X7X6X7X6X7X6X7X6X7X6X7X6X7X6X7X6X7X6X7X6X7X6X7X6X7X6X7X6X7X6X7X6X7X6X7X6X7X6X7X6X7X6X7X6X7X6X7X6X7X6X7X6X7X6X7X6X7X6X7X6X7X6X7X6X7X6X7X6X7X6X7X6X7X6X7X6X7X6X7X6X7X6X7X6X7X6X7X6X7X6X7X6X7X6X7X6X7X6X7X6X7X6X7X6X7X6X7X6X7X6X7X6X7X6X7X6X7X6X7X6X7X6X7X6X7X6X7X6X7X6X7X6X7X6X7X6X7X6X7X6X7X6X7X6X7X6X7X6X7X6X7X6X7X6X7X6X7X6X7X6X7X6X7X6X7X6X7X6X7X6X7X6X7X6X7X6X7X6X7X6X7X6X7X6X7X6X7X6X7X6X7X6X7X6X7X6X7X6X7X6X7X6X7X6X7X6X7X6X7X6X7X6X7X6X7X6X7X6X7X6X7X6X7X6X7X6X7X6X7X6X7X6X7X6X7X6X7X6X7X6X7X6X7X6X7X6X7X6X7X6X7X6X7X6X7X6X7X6X7X6X7X6X7X6X7X6X7X6X7X6X7X6X7X6X7X6X7X6X7X6X7X6X7X6X7X6X7X6X7X6X7X6X7X6X7X6X7X6X7X6X7X6X7X6X7X6X7X
